
Microsoft Visual Studio Solution File, Format Version 12.00
# Visual Studio 2012
Project("{FAE04EC0-301F-11D3-BF4B-00C04F79EFBC}") = "StoryboardReuseDemo", "StoryboardReuseDemo\StoryboardReuseDemo.csproj", "{FCBBC212-88CB-4DF7-9EB3-E8BB790BDA5B}"
EndProject
Global
	GlobalSection(SolutionConfigurationPlatforms) = preSolution
		Debug|iPhoneSimulator = Debug|iPhoneSimulator
		Release|iPhone = Release|iPhone
		Release|iPhoneSimulator = Release|iPhoneSimulator
		Debug|iPhone = Debug|iPhone
	EndGlobalSection
	GlobalSection(ProjectConfigurationPlatforms) = postSolution
		{FCBBC212-88CB-4DF7-9EB3-E8BB790BDA5B}.Debug|iPhoneSimulator.ActiveCfg = Debug|iPhoneSimulator
		{FCBBC212-88CB-4DF7-9EB3-E8BB790BDA5B}.Debug|iPhoneSimulator.Build.0 = Debug|iPhoneSimulator
		{FCBBC212-88CB-4DF7-9EB3-E8BB790BDA5B}.Release|iPhone.ActiveCfg = Release|iPhone
		{FCBBC212-88CB-4DF7-9EB3-E8BB790BDA5B}.Release|iPhone.Build.0 = Release|iPhone
		{FCBBC212-88CB-4DF7-9EB3-E8BB790BDA5B}.Release|iPhoneSimulator.ActiveCfg = Release|iPhoneSimulator
		{FCBBC212-88CB-4DF7-9EB3-E8BB790BDA5B}.Release|iPhoneSimulator.Build.0 = Release|iPhoneSimulator
		{FCBBC212-88CB-4DF7-9EB3-E8BB790BDA5B}.Debug|iPhone.ActiveCfg = Debug|iPhone
		{FCBBC212-88CB-4DF7-9EB3-E8BB790BDA5B}.Debug|iPhone.Build.0 = Debug|iPhone
	EndGlobalSection
EndGlobal
